
Microsoft Visual Studio Solution File, Format Version 12.00
# Visual Studio Version 17
VisualStudioVersion = 17.8.34322.80
MinimumVisualStudioVersion = 10.0.40219.1
Project("{8BC9CEB8-8B4A-11D0-8D11-00A0C91BC942}") = "01_LinkedList_Insert_At_Head_Global", "01_LinkedList_Insert_At_Head_Global\01_LinkedList_Insert_At_Head_Global.vcxproj", "{5546EA41-5D28-4058-9E6E-29CF0EB1683D}"
EndProject
Project("{8BC9CEB8-8B4A-11D0-8D11-00A0C91BC942}") = "02_LinkedList_Insert_At_Head_Local", "02_LinkedList_Insert_At_Head_Local\02_LinkedList_Insert_At_Head_Local.vcxproj", "{23CA8B41-7AC1-4F9C-97E5-0874BC1D88A8}"
EndProject
Project("{8BC9CEB8-8B4A-11D0-8D11-00A0C91BC942}") = "03_LinkedList_Insert_At_Head_Double_Pointer", "03_LinkedList_Insert_At_Head_Double_Pointer\03_LinkedList_Insert_At_Head_Double_Pointer.vcxproj", "{0E6BC35B-DEB5-43DE-AB83-3562B58483CB}"
EndProject
Project("{8BC9CEB8-8B4A-11D0-8D11-00A0C91BC942}") = "04_LinkedList_Insert_At_Tail", "04_LinkedList_Insert_At_Tail\04_LinkedList_Insert_At_Tail.vcxproj", "{AD3D4D21-B221-4F22-B9A4-4073036E4122}"
EndProject
Project("{8BC9CEB8-8B4A-11D0-8D11-00A0C91BC942}") = "05_LinkedList_Insert_Specific_Index", "05_LinkedList_Insert_Specific_Index\05_LinkedList_Insert_Specific_Index.vcxproj", "{8C032580-C204-43AC-B511-7D2A7144FEB8}"
EndProject
Project("{8BC9CEB8-8B4A-11D0-8D11-00A0C91BC942}") = "07_LinkedList_Reverse", "07_LinkedList_Reverse\07_LinkedList_Reverse.vcxproj", "{1AA59C6D-92B2-4628-99F5-89EAD0E1B2A7}"
EndProject
Project("{8BC9CEB8-8B4A-11D0-8D11-00A0C91BC942}") = "06_LinkedLIst_Delete", "06_LinkedLIst_Delete\06_LinkedLIst_Delete.vcxproj", "{13D85608-A6B0-4EEA-B346-D865F0A2AD0C}"
EndProject
Project("{8BC9CEB8-8B4A-11D0-8D11-00A0C91BC942}") = "08_LinkedList_Recursive_Call", "08_LinkedList_Recursive_Call\08_LinkedList_Recursive_Call.vcxproj", "{A8FA4E9D-8327-4932-8DD9-ED05250AB8C0}"
EndProject
Global
	GlobalSection(SolutionConfigurationPlatforms) = preSolution
		Debug|x64 = Debug|x64
		Debug|x86 = Debug|x86
		Release|x64 = Release|x64
		Release|x86 = Release|x86
	EndGlobalSection
	GlobalSection(ProjectConfigurationPlatforms) = postSolution
		{5546EA41-5D28-4058-9E6E-29CF0EB1683D}.Debug|x64.ActiveCfg = Debug|x64
		{5546EA41-5D28-4058-9E6E-29CF0EB1683D}.Debug|x64.Build.0 = Debug|x64
		{5546EA41-5D28-4058-9E6E-29CF0EB1683D}.Debug|x86.ActiveCfg = Debug|Win32
		{5546EA41-5D28-4058-9E6E-29CF0EB1683D}.Debug|x86.Build.0 = Debug|Win32
		{5546EA41-5D28-4058-9E6E-29CF0EB1683D}.Release|x64.ActiveCfg = Release|x64
		{5546EA41-5D28-4058-9E6E-29CF0EB1683D}.Release|x64.Build.0 = Release|x64
		{5546EA41-5D28-4058-9E6E-29CF0EB1683D}.Release|x86.ActiveCfg = Release|Win32
		{5546EA41-5D28-4058-9E6E-29CF0EB1683D}.Release|x86.Build.0 = Release|Win32
		{23CA8B41-7AC1-4F9C-97E5-0874BC1D88A8}.Debug|x64.ActiveCfg = Debug|x64
		{23CA8B41-7AC1-4F9C-97E5-0874BC1D88A8}.Debug|x64.Build.0 = Debug|x64
		{23CA8B41-7AC1-4F9C-97E5-0874BC1D88A8}.Debug|x86.ActiveCfg = Debug|Win32
		{23CA8B41-7AC1-4F9C-97E5-0874BC1D88A8}.Debug|x86.Build.0 = Debug|Win32
		{23CA8B41-7AC1-4F9C-97E5-0874BC1D88A8}.Release|x64.ActiveCfg = Release|x64
		{23CA8B41-7AC1-4F9C-97E5-0874BC1D88A8}.Release|x64.Build.0 = Release|x64
		{23CA8B41-7AC1-4F9C-97E5-0874BC1D88A8}.Release|x86.ActiveCfg = Release|Win32
		{23CA8B41-7AC1-4F9C-97E5-0874BC1D88A8}.Release|x86.Build.0 = Release|Win32
		{0E6BC35B-DEB5-43DE-AB83-3562B58483CB}.Debug|x64.ActiveCfg = Debug|x64
		{0E6BC35B-DEB5-43DE-AB83-3562B58483CB}.Debug|x64.Build.0 = Debug|x64
		{0E6BC35B-DEB5-43DE-AB83-3562B58483CB}.Debug|x86.ActiveCfg = Debug|Win32
		{0E6BC35B-DEB5-43DE-AB83-3562B58483CB}.Debug|x86.Build.0 = Debug|Win32
		{0E6BC35B-DEB5-43DE-AB83-3562B58483CB}.Release|x64.ActiveCfg = Release|x64
		{0E6BC35B-DEB5-43DE-AB83-3562B58483CB}.Release|x64.Build.0 = Release|x64
		{0E6BC35B-DEB5-43DE-AB83-3562B58483CB}.Release|x86.ActiveCfg = Release|Win32
		{0E6BC35B-DEB5-43DE-AB83-3562B58483CB}.Release|x86.Build.0 = Release|Win32
		{AD3D4D21-B221-4F22-B9A4-4073036E4122}.Debug|x64.ActiveCfg = Debug|x64
		{AD3D4D21-B221-4F22-B9A4-4073036E4122}.Debug|x64.Build.0 = Debug|x64
		{AD3D4D21-B221-4F22-B9A4-4073036E4122}.Debug|x86.ActiveCfg = Debug|Win32
		{AD3D4D21-B221-4F22-B9A4-4073036E4122}.Debug|x86.Build.0 = Debug|Win32
		{AD3D4D21-B221-4F22-B9A4-4073036E4122}.Release|x64.ActiveCfg = Release|x64
		{AD3D4D21-B221-4F22-B9A4-4073036E4122}.Release|x64.Build.0 = Release|x64
		{AD3D4D21-B221-4F22-B9A4-4073036E4122}.Release|x86.ActiveCfg = Release|Win32
		{AD3D4D21-B221-4F22-B9A4-4073036E4122}.Release|x86.Build.0 = Release|Win32
		{8C032580-C204-43AC-B511-7D2A7144FEB8}.Debug|x64.ActiveCfg = Debug|x64
		{8C032580-C204-43AC-B511-7D2A7144FEB8}.Debug|x64.Build.0 = Debug|x64
		{8C032580-C204-43AC-B511-7D2A7144FEB8}.Debug|x86.ActiveCfg = Debug|Win32
		{8C032580-C204-43AC-B511-7D2A7144FEB8}.Debug|x86.Build.0 = Debug|Win32
		{8C032580-C204-43AC-B511-7D2A7144FEB8}.Release|x64.ActiveCfg = Release|x64
		{8C032580-C204-43AC-B511-7D2A7144FEB8}.Release|x64.Build.0 = Release|x64
		{8C032580-C204-43AC-B511-7D2A7144FEB8}.Release|x86.ActiveCfg = Release|Win32
		{8C032580-C204-43AC-B511-7D2A7144FEB8}.Release|x86.Build.0 = Release|Win32
		{1AA59C6D-92B2-4628-99F5-89EAD0E1B2A7}.Debug|x64.ActiveCfg = Debug|x64
		{1AA59C6D-92B2-4628-99F5-89EAD0E1B2A7}.Debug|x64.Build.0 = Debug|x64
		{1AA59C6D-92B2-4628-99F5-89EAD0E1B2A7}.Debug|x86.ActiveCfg = Debug|Win32
		{1AA59C6D-92B2-4628-99F5-89EAD0E1B2A7}.Debug|x86.Build.0 = Debug|Win32
		{1AA59C6D-92B2-4628-99F5-89EAD0E1B2A7}.Release|x64.ActiveCfg = Release|x64
		{1AA59C6D-92B2-4628-99F5-89EAD0E1B2A7}.Release|x64.Build.0 = Release|x64
		{1AA59C6D-92B2-4628-99F5-89EAD0E1B2A7}.Release|x86.ActiveCfg = Release|Win32
		{1AA59C6D-92B2-4628-99F5-89EAD0E1B2A7}.Release|x86.Build.0 = Release|Win32
		{13D85608-A6B0-4EEA-B346-D865F0A2AD0C}.Debug|x64.ActiveCfg = Debug|x64
		{13D85608-A6B0-4EEA-B346-D865F0A2AD0C}.Debug|x64.Build.0 = Debug|x64
		{13D85608-A6B0-4EEA-B346-D865F0A2AD0C}.Debug|x86.ActiveCfg = Debug|Win32
		{13D85608-A6B0-4EEA-B346-D865F0A2AD0C}.Debug|x86.Build.0 = Debug|Win32
		{13D85608-A6B0-4EEA-B346-D865F0A2AD0C}.Release|x64.ActiveCfg = Release|x64
		{13D85608-A6B0-4EEA-B346-D865F0A2AD0C}.Release|x64.Build.0 = Release|x64
		{13D85608-A6B0-4EEA-B346-D865F0A2AD0C}.Release|x86.ActiveCfg = Release|Win32
		{13D85608-A6B0-4EEA-B346-D865F0A2AD0C}.Release|x86.Build.0 = Release|Win32
		{A8FA4E9D-8327-4932-8DD9-ED05250AB8C0}.Debug|x64.ActiveCfg = Debug|x64
		{A8FA4E9D-8327-4932-8DD9-ED05250AB8C0}.Debug|x64.Build.0 = Debug|x64
		{A8FA4E9D-8327-4932-8DD9-ED05250AB8C0}.Debug|x86.ActiveCfg = Debug|Win32
		{A8FA4E9D-8327-4932-8DD9-ED05250AB8C0}.Debug|x86.Build.0 = Debug|Win32
		{A8FA4E9D-8327-4932-8DD9-ED05250AB8C0}.Release|x64.ActiveCfg = Release|x64
		{A8FA4E9D-8327-4932-8DD9-ED05250AB8C0}.Release|x64.Build.0 = Release|x64
		{A8FA4E9D-8327-4932-8DD9-ED05250AB8C0}.Release|x86.ActiveCfg = Release|Win32
		{A8FA4E9D-8327-4932-8DD9-ED05250AB8C0}.Release|x86.Build.0 = Release|Win32
	EndGlobalSection
	GlobalSection(SolutionProperties) = preSolution
		HideSolutionNode = FALSE
	EndGlobalSection
	GlobalSection(ExtensibilityGlobals) = postSolution
		SolutionGuid = {BC5A8ABE-56EC-4A15-B3A0-21D045C2148C}
	EndGlobalSection
EndGlobal
